{
  "version": 4,
  "terraform_version": "0.14.7",
  "serial": 175,
  "lineage": "286f1b96-b8a5-7e33-6571-229aa585a7b0",
  "outputs": {},
  "resources": [
    {
      "mode": "data",
      "type": "aws_availability_zones",
      "name": "available",
      "provider": "provider[\"registry.terraform.io/hashicorp/aws\"]",
      "instances": [
        {
          "schema_version": 0,
          "attributes": {
            "all_availability_zones": null,
            "exclude_names": null,
            "exclude_zone_ids": null,
            "filter": null,
            "group_names": [
              "us-east-1"
            ],
            "id": "us-east-1",
            "names": [
              "us-east-1a",
              "us-east-1b",
              "us-east-1c",
              "us-east-1d",
              "us-east-1e",
              "us-east-1f"
            ],
            "state": null,
            "zone_ids": [
              "use1-az1",
              "use1-az2",
              "use1-az4",
              "use1-az6",
              "use1-az3",
              "use1-az5"
            ]
          },
          "sensitive_attributes": []
        }
      ]
    },
    {
      "module": "module.Admin_VPC",
      "mode": "managed",
      "type": "aws_eip",
      "name": "nat_eip",
      "provider": "provider[\"registry.terraform.io/hashicorp/aws\"]",
      "instances": [
        {
          "schema_version": 0,
          "attributes": {
            "address": null,
            "allocation_id": "eipalloc-0ed1206c2f6427a68",
            "associate_with_private_ip": null,
            "association_id": "",
            "carrier_ip": "",
            "customer_owned_ip": "",
            "customer_owned_ipv4_pool": "",
            "domain": "vpc",
            "id": "eipalloc-0ed1206c2f6427a68",
            "instance": "",
            "network_border_group": "us-east-1",
            "network_interface": "",
            "private_dns": null,
            "private_ip": "",
            "public_dns": "ec2-34-206-134-249.compute-1.amazonaws.com",
            "public_ip": "34.206.134.249",
            "public_ipv4_pool": "amazon",
            "tags": null,
            "tags_all": {},
            "timeouts": null,
            "vpc": true
          },
          "sensitive_attributes": [],
          "private": "eyJlMmJmYjczMC1lY2FhLTExZTYtOGY4OC0zNDM2M2JjN2M0YzAiOnsiZGVsZXRlIjoxODAwMDAwMDAwMDAsInJlYWQiOjkwMDAwMDAwMDAwMCwidXBkYXRlIjozMDAwMDAwMDAwMDB9fQ==",
          "dependencies": [
            "module.Admin_VPC.aws_internet_gateway.ig",
            "module.Admin_VPC.aws_vpc.vpc"
          ]
        }
      ]
    },
    {
      "module": "module.Admin_VPC",
      "mode": "managed",
      "type": "aws_internet_gateway",
      "name": "ig",
      "provider": "provider[\"registry.terraform.io/hashicorp/aws\"]",
      "instances": [
        {
          "schema_version": 0,
          "attributes": {
            "arn": "arn:aws:ec2:us-east-1:247377477294:internet-gateway/igw-04ba10771bf6c785a",
            "id": "igw-04ba10771bf6c785a",
            "owner_id": "247377477294",
            "tags": {
              "ManagedBy": "ahmedtahalhosari@gmail.com",
              "Name": "main-igw",
              "Project": "SevenSender-test"
            },
            "tags_all": {
              "ManagedBy": "ahmedtahalhosari@gmail.com",
              "Name": "main-igw",
              "Project": "SevenSender-test"
            },
            "vpc_id": "vpc-027c12a4cace0eff6"
          },
          "sensitive_attributes": [],
          "private": "bnVsbA==",
          "dependencies": [
            "module.Admin_VPC.aws_vpc.vpc"
          ]
        }
      ]
    },
    {
      "module": "module.Admin_VPC",
      "mode": "managed",
      "type": "aws_nat_gateway",
      "name": "nat",
      "provider": "provider[\"registry.terraform.io/hashicorp/aws\"]",
      "instances": [
        {
          "schema_version": 0,
          "attributes": {
            "allocation_id": "eipalloc-0ed1206c2f6427a68",
            "connectivity_type": "public",
            "id": "nat-0c1023483e2c2cda5",
            "network_interface_id": "eni-022b46efe53327a2b",
            "private_ip": "10.3.3.69",
            "public_ip": "34.206.134.249",
            "subnet_id": "subnet-0b69c2ff089a3e4ee",
            "tags": {
              "ManagedBy": "ahmedtahalhosari@gmail.com",
              "Name": "main_NAT",
              "Project": "SevenSender-test"
            },
            "tags_all": {
              "ManagedBy": "ahmedtahalhosari@gmail.com",
              "Name": "main_NAT",
              "Project": "SevenSender-test"
            }
          },
          "sensitive_attributes": [],
          "private": "bnVsbA==",
          "dependencies": [
            "data.aws_availability_zones.available",
            "module.Admin_VPC.aws_eip.nat_eip",
            "module.Admin_VPC.aws_internet_gateway.ig",
            "module.Admin_VPC.aws_subnet.public_subnet",
            "module.Admin_VPC.aws_vpc.vpc"
          ]
        }
      ]
    },
    {
      "module": "module.Admin_VPC",
      "mode": "managed",
      "type": "aws_route",
      "name": "private_nat_gateway",
      "provider": "provider[\"registry.terraform.io/hashicorp/aws\"]",
      "instances": [
        {
          "schema_version": 0,
          "attributes": {
            "carrier_gateway_id": "",
            "destination_cidr_block": "0.0.0.0/0",
            "destination_ipv6_cidr_block": "",
            "destination_prefix_list_id": "",
            "egress_only_gateway_id": "",
            "gateway_id": "",
            "id": "r-rtb-033795fd0f2e608871080289494",
            "instance_id": "",
            "instance_owner_id": "",
            "local_gateway_id": "",
            "nat_gateway_id": "nat-0c1023483e2c2cda5",
            "network_interface_id": "",
            "origin": "CreateRoute",
            "route_table_id": "rtb-033795fd0f2e60887",
            "state": "active",
            "timeouts": null,
            "transit_gateway_id": "",
            "vpc_endpoint_id": "",
            "vpc_peering_connection_id": ""
          },
          "sensitive_attributes": [],
          "private": "eyJlMmJmYjczMC1lY2FhLTExZTYtOGY4OC0zNDM2M2JjN2M0YzAiOnsiY3JlYXRlIjozMDAwMDAwMDAwMDAsImRlbGV0ZSI6MzAwMDAwMDAwMDAwLCJ1cGRhdGUiOjEyMDAwMDAwMDAwMH19",
          "dependencies": [
            "data.aws_availability_zones.available",
            "module.Admin_VPC.aws_eip.nat_eip",
            "module.Admin_VPC.aws_internet_gateway.ig",
            "module.Admin_VPC.aws_nat_gateway.nat",
            "module.Admin_VPC.aws_route_table.private",
            "module.Admin_VPC.aws_subnet.public_subnet",
            "module.Admin_VPC.aws_vpc.vpc"
          ]
        }
      ]
    },
    {
      "module": "module.Admin_VPC",
      "mode": "managed",
      "type": "aws_route",
      "name": "public_internet_gateway",
      "provider": "provider[\"registry.terraform.io/hashicorp/aws\"]",
      "instances": [
        {
          "schema_version": 0,
          "attributes": {
            "carrier_gateway_id": "",
            "destination_cidr_block": "0.0.0.0/0",
            "destination_ipv6_cidr_block": "",
            "destination_prefix_list_id": "",
            "egress_only_gateway_id": "",
            "gateway_id": "igw-04ba10771bf6c785a",
            "id": "r-rtb-06ad2e620899fde231080289494",
            "instance_id": "",
            "instance_owner_id": "",
            "local_gateway_id": "",
            "nat_gateway_id": "",
            "network_interface_id": "",
            "origin": "CreateRoute",
            "route_table_id": "rtb-06ad2e620899fde23",
            "state": "active",
            "timeouts": null,
            "transit_gateway_id": "",
            "vpc_endpoint_id": "",
            "vpc_peering_connection_id": ""
          },
          "sensitive_attributes": [],
          "private": "eyJlMmJmYjczMC1lY2FhLTExZTYtOGY4OC0zNDM2M2JjN2M0YzAiOnsiY3JlYXRlIjozMDAwMDAwMDAwMDAsImRlbGV0ZSI6MzAwMDAwMDAwMDAwLCJ1cGRhdGUiOjEyMDAwMDAwMDAwMH19",
          "dependencies": [
            "module.Admin_VPC.aws_internet_gateway.ig",
            "module.Admin_VPC.aws_route_table.public",
            "module.Admin_VPC.aws_vpc.vpc"
          ]
        }
      ]
    },
    {
      "module": "module.Admin_VPC",
      "mode": "managed",
      "type": "aws_route_table",
      "name": "private",
      "provider": "provider[\"registry.terraform.io/hashicorp/aws\"]",
      "instances": [
        {
          "schema_version": 0,
          "attributes": {
            "arn": "arn:aws:ec2:us-east-1:247377477294:route-table/rtb-033795fd0f2e60887",
            "id": "rtb-033795fd0f2e60887",
            "owner_id": "247377477294",
            "propagating_vgws": [],
            "route": [],
            "tags": {
              "ManagedBy": "ahmedtahalhosari@gmail.com",
              "Name": "Admin_VPC-private-route-table",
              "Project": "SevenSender-test"
            },
            "tags_all": {
              "ManagedBy": "ahmedtahalhosari@gmail.com",
              "Name": "Admin_VPC-private-route-table",
              "Project": "SevenSender-test"
            },
            "timeouts": null,
            "vpc_id": "vpc-027c12a4cace0eff6"
          },
          "sensitive_attributes": [],
          "private": "eyJlMmJmYjczMC1lY2FhLTExZTYtOGY4OC0zNDM2M2JjN2M0YzAiOnsiY3JlYXRlIjozMDAwMDAwMDAwMDAsImRlbGV0ZSI6MzAwMDAwMDAwMDAwLCJ1cGRhdGUiOjEyMDAwMDAwMDAwMH19",
          "dependencies": [
            "module.Admin_VPC.aws_vpc.vpc"
          ]
        }
      ]
    },
    {
      "module": "module.Admin_VPC",
      "mode": "managed",
      "type": "aws_route_table",
      "name": "public",
      "provider": "provider[\"registry.terraform.io/hashicorp/aws\"]",
      "instances": [
        {
          "schema_version": 0,
          "attributes": {
            "arn": "arn:aws:ec2:us-east-1:247377477294:route-table/rtb-06ad2e620899fde23",
            "id": "rtb-06ad2e620899fde23",
            "owner_id": "247377477294",
            "propagating_vgws": [],
            "route": [],
            "tags": {
              "ManagedBy": "ahmedtahalhosari@gmail.com",
              "Name": "Admin_VPC-public-route-table",
              "Project": "SevenSender-test"
            },
            "tags_all": {
              "ManagedBy": "ahmedtahalhosari@gmail.com",
              "Name": "Admin_VPC-public-route-table",
              "Project": "SevenSender-test"
            },
            "timeouts": null,
            "vpc_id": "vpc-027c12a4cace0eff6"
          },
          "sensitive_attributes": [],
          "private": "eyJlMmJmYjczMC1lY2FhLTExZTYtOGY4OC0zNDM2M2JjN2M0YzAiOnsiY3JlYXRlIjozMDAwMDAwMDAwMDAsImRlbGV0ZSI6MzAwMDAwMDAwMDAwLCJ1cGRhdGUiOjEyMDAwMDAwMDAwMH19",
          "dependencies": [
            "module.Admin_VPC.aws_vpc.vpc"
          ]
        }
      ]
    },
    {
      "module": "module.Admin_VPC",
      "mode": "managed",
      "type": "aws_route_table_association",
      "name": "private",
      "provider": "provider[\"registry.terraform.io/hashicorp/aws\"]",
      "instances": [
        {
          "index_key": 0,
          "schema_version": 0,
          "attributes": {
            "gateway_id": "",
            "id": "rtbassoc-0a87979cab371b9bc",
            "route_table_id": "rtb-033795fd0f2e60887",
            "subnet_id": "subnet-00ba3af45cab9ee11"
          },
          "sensitive_attributes": [],
          "private": "bnVsbA==",
          "dependencies": [
            "data.aws_availability_zones.available",
            "module.Admin_VPC.aws_route_table.private",
            "module.Admin_VPC.aws_subnet.private_subnet",
            "module.Admin_VPC.aws_vpc.vpc"
          ]
        },
        {
          "index_key": 1,
          "schema_version": 0,
          "attributes": {
            "gateway_id": "",
            "id": "rtbassoc-0a3541a40b7f435b9",
            "route_table_id": "rtb-033795fd0f2e60887",
            "subnet_id": "subnet-0e89b8627efe0371c"
          },
          "sensitive_attributes": [],
          "private": "bnVsbA==",
          "dependencies": [
            "data.aws_availability_zones.available",
            "module.Admin_VPC.aws_route_table.private",
            "module.Admin_VPC.aws_subnet.private_subnet",
            "module.Admin_VPC.aws_vpc.vpc"
          ]
        }
      ]
    },
    {
      "module": "module.Admin_VPC",
      "mode": "managed",
      "type": "aws_route_table_association",
      "name": "public",
      "provider": "provider[\"registry.terraform.io/hashicorp/aws\"]",
      "instances": [
        {
          "index_key": 0,
          "schema_version": 0,
          "attributes": {
            "gateway_id": "",
            "id": "rtbassoc-0f65f480085f1bc39",
            "route_table_id": "rtb-06ad2e620899fde23",
            "subnet_id": "subnet-0b69c2ff089a3e4ee"
          },
          "sensitive_attributes": [],
          "private": "bnVsbA==",
          "dependencies": [
            "data.aws_availability_zones.available",
            "module.Admin_VPC.aws_route_table.public",
            "module.Admin_VPC.aws_subnet.public_subnet",
            "module.Admin_VPC.aws_vpc.vpc"
          ]
        },
        {
          "index_key": 1,
          "schema_version": 0,
          "attributes": {
            "gateway_id": "",
            "id": "rtbassoc-010d577825d1f91bf",
            "route_table_id": "rtb-06ad2e620899fde23",
            "subnet_id": "subnet-04a49568702663456"
          },
          "sensitive_attributes": [],
          "private": "bnVsbA==",
          "dependencies": [
            "data.aws_availability_zones.available",
            "module.Admin_VPC.aws_route_table.public",
            "module.Admin_VPC.aws_subnet.public_subnet",
            "module.Admin_VPC.aws_vpc.vpc"
          ]
        }
      ]
    },
    {
      "module": "module.Admin_VPC",
      "mode": "managed",
      "type": "aws_subnet",
      "name": "private_subnet",
      "provider": "provider[\"registry.terraform.io/hashicorp/aws\"]",
      "instances": [
        {
          "index_key": 0,
          "schema_version": 1,
          "attributes": {
            "arn": "arn:aws:ec2:us-east-1:247377477294:subnet/subnet-00ba3af45cab9ee11",
            "assign_ipv6_address_on_creation": false,
            "availability_zone": "us-east-1a",
            "availability_zone_id": "use1-az1",
            "cidr_block": "10.3.1.0/24",
            "customer_owned_ipv4_pool": "",
            "enable_dns64": false,
            "enable_resource_name_dns_a_record_on_launch": false,
            "enable_resource_name_dns_aaaa_record_on_launch": false,
            "id": "subnet-00ba3af45cab9ee11",
            "ipv6_cidr_block": "",
            "ipv6_cidr_block_association_id": "",
            "ipv6_native": false,
            "map_customer_owned_ip_on_launch": false,
            "map_public_ip_on_launch": false,
            "outpost_arn": "",
            "owner_id": "247377477294",
            "private_dns_hostname_type_on_launch": "ip-name",
            "tags": {
              "ManagedBy": "ahmedtahalhosari@gmail.com",
              "Name": "Admin_VPC-0-private-subnet",
              "Project": "SevenSender-test"
            },
            "tags_all": {
              "ManagedBy": "ahmedtahalhosari@gmail.com",
              "Name": "Admin_VPC-0-private-subnet",
              "Project": "SevenSender-test"
            },
            "timeouts": null,
            "vpc_id": "vpc-027c12a4cace0eff6"
          },
          "sensitive_attributes": [],
          "private": "eyJlMmJmYjczMC1lY2FhLTExZTYtOGY4OC0zNDM2M2JjN2M0YzAiOnsiY3JlYXRlIjo2MDAwMDAwMDAwMDAsImRlbGV0ZSI6MTIwMDAwMDAwMDAwMH0sInNjaGVtYV92ZXJzaW9uIjoiMSJ9",
          "dependencies": [
            "data.aws_availability_zones.available",
            "module.Admin_VPC.aws_vpc.vpc"
          ]
        },
        {
          "index_key": 1,
          "schema_version": 1,
          "attributes": {
            "arn": "arn:aws:ec2:us-east-1:247377477294:subnet/subnet-0e89b8627efe0371c",
            "assign_ipv6_address_on_creation": false,
            "availability_zone": "us-east-1b",
            "availability_zone_id": "use1-az2",
            "cidr_block": "10.3.2.0/24",
            "customer_owned_ipv4_pool": "",
            "enable_dns64": false,
            "enable_resource_name_dns_a_record_on_launch": false,
            "enable_resource_name_dns_aaaa_record_on_launch": false,
            "id": "subnet-0e89b8627efe0371c",
            "ipv6_cidr_block": "",
            "ipv6_cidr_block_association_id": "",
            "ipv6_native": false,
            "map_customer_owned_ip_on_launch": false,
            "map_public_ip_on_launch": false,
            "outpost_arn": "",
            "owner_id": "247377477294",
            "private_dns_hostname_type_on_launch": "ip-name",
            "tags": {
              "ManagedBy": "ahmedtahalhosari@gmail.com",
              "Name": "Admin_VPC-1-private-subnet",
              "Project": "SevenSender-test"
            },
            "tags_all": {
              "ManagedBy": "ahmedtahalhosari@gmail.com",
              "Name": "Admin_VPC-1-private-subnet",
              "Project": "SevenSender-test"
            },
            "timeouts": null,
            "vpc_id": "vpc-027c12a4cace0eff6"
          },
          "sensitive_attributes": [],
          "private": "eyJlMmJmYjczMC1lY2FhLTExZTYtOGY4OC0zNDM2M2JjN2M0YzAiOnsiY3JlYXRlIjo2MDAwMDAwMDAwMDAsImRlbGV0ZSI6MTIwMDAwMDAwMDAwMH0sInNjaGVtYV92ZXJzaW9uIjoiMSJ9",
          "dependencies": [
            "data.aws_availability_zones.available",
            "module.Admin_VPC.aws_vpc.vpc"
          ]
        }
      ]
    },
    {
      "module": "module.Admin_VPC",
      "mode": "managed",
      "type": "aws_subnet",
      "name": "public_subnet",
      "provider": "provider[\"registry.terraform.io/hashicorp/aws\"]",
      "instances": [
        {
          "index_key": 0,
          "schema_version": 1,
          "attributes": {
            "arn": "arn:aws:ec2:us-east-1:247377477294:subnet/subnet-0b69c2ff089a3e4ee",
            "assign_ipv6_address_on_creation": false,
            "availability_zone": "us-east-1a",
            "availability_zone_id": "use1-az1",
            "cidr_block": "10.3.3.0/24",
            "customer_owned_ipv4_pool": "",
            "enable_dns64": false,
            "enable_resource_name_dns_a_record_on_launch": false,
            "enable_resource_name_dns_aaaa_record_on_launch": false,
            "id": "subnet-0b69c2ff089a3e4ee",
            "ipv6_cidr_block": "",
            "ipv6_cidr_block_association_id": "",
            "ipv6_native": false,
            "map_customer_owned_ip_on_launch": false,
            "map_public_ip_on_launch": true,
            "outpost_arn": "",
            "owner_id": "247377477294",
            "private_dns_hostname_type_on_launch": "ip-name",
            "tags": {
              "ManagedBy": "ahmedtahalhosari@gmail.com",
              "Name": "Admin_VPC-0-public-subnet",
              "Project": "SevenSender-test"
            },
            "tags_all": {
              "ManagedBy": "ahmedtahalhosari@gmail.com",
              "Name": "Admin_VPC-0-public-subnet",
              "Project": "SevenSender-test"
            },
            "timeouts": null,
            "vpc_id": "vpc-027c12a4cace0eff6"
          },
          "sensitive_attributes": [],
          "private": "eyJlMmJmYjczMC1lY2FhLTExZTYtOGY4OC0zNDM2M2JjN2M0YzAiOnsiY3JlYXRlIjo2MDAwMDAwMDAwMDAsImRlbGV0ZSI6MTIwMDAwMDAwMDAwMH0sInNjaGVtYV92ZXJzaW9uIjoiMSJ9",
          "dependencies": [
            "data.aws_availability_zones.available",
            "module.Admin_VPC.aws_vpc.vpc"
          ]
        },
        {
          "index_key": 1,
          "schema_version": 1,
          "attributes": {
            "arn": "arn:aws:ec2:us-east-1:247377477294:subnet/subnet-04a49568702663456",
            "assign_ipv6_address_on_creation": false,
            "availability_zone": "us-east-1b",
            "availability_zone_id": "use1-az2",
            "cidr_block": "10.3.4.0/24",
            "customer_owned_ipv4_pool": "",
            "enable_dns64": false,
            "enable_resource_name_dns_a_record_on_launch": false,
            "enable_resource_name_dns_aaaa_record_on_launch": false,
            "id": "subnet-04a49568702663456",
            "ipv6_cidr_block": "",
            "ipv6_cidr_block_association_id": "",
            "ipv6_native": false,
            "map_customer_owned_ip_on_launch": false,
            "map_public_ip_on_launch": true,
            "outpost_arn": "",
            "owner_id": "247377477294",
            "private_dns_hostname_type_on_launch": "ip-name",
            "tags": {
              "ManagedBy": "ahmedtahalhosari@gmail.com",
              "Name": "Admin_VPC-1-public-subnet",
              "Project": "SevenSender-test"
            },
            "tags_all": {
              "ManagedBy": "ahmedtahalhosari@gmail.com",
              "Name": "Admin_VPC-1-public-subnet",
              "Project": "SevenSender-test"
            },
            "timeouts": null,
            "vpc_id": "vpc-027c12a4cace0eff6"
          },
          "sensitive_attributes": [],
          "private": "eyJlMmJmYjczMC1lY2FhLTExZTYtOGY4OC0zNDM2M2JjN2M0YzAiOnsiY3JlYXRlIjo2MDAwMDAwMDAwMDAsImRlbGV0ZSI6MTIwMDAwMDAwMDAwMH0sInNjaGVtYV92ZXJzaW9uIjoiMSJ9",
          "dependencies": [
            "data.aws_availability_zones.available",
            "module.Admin_VPC.aws_vpc.vpc"
          ]
        }
      ]
    },
    {
      "module": "module.Admin_VPC",
      "mode": "managed",
      "type": "aws_vpc",
      "name": "vpc",
      "provider": "provider[\"registry.terraform.io/hashicorp/aws\"]",
      "instances": [
        {
          "schema_version": 1,
          "attributes": {
            "arn": "arn:aws:ec2:us-east-1:247377477294:vpc/vpc-027c12a4cace0eff6",
            "assign_generated_ipv6_cidr_block": false,
            "cidr_block": "10.3.0.0/16",
            "default_network_acl_id": "acl-0a73c24ddae79e298",
            "default_route_table_id": "rtb-0c4c979ba4db9ddfc",
            "default_security_group_id": "sg-097cebe6ef52a764c",
            "dhcp_options_id": "dopt-e8e5f092",
            "enable_classiclink": false,
            "enable_classiclink_dns_support": false,
            "enable_dns_hostnames": true,
            "enable_dns_support": true,
            "id": "vpc-027c12a4cace0eff6",
            "instance_tenancy": "default",
            "ipv4_ipam_pool_id": null,
            "ipv4_netmask_length": null,
            "ipv6_association_id": "",
            "ipv6_cidr_block": "",
            "ipv6_ipam_pool_id": null,
            "ipv6_netmask_length": null,
            "main_route_table_id": "rtb-0c4c979ba4db9ddfc",
            "owner_id": "247377477294",
            "tags": {
              "ManagedBy": "ahmedtahalhosari@gmail.com",
              "Name": "Admin_VPC",
              "Project": "SevenSender-test"
            },
            "tags_all": {
              "ManagedBy": "ahmedtahalhosari@gmail.com",
              "Name": "Admin_VPC",
              "Project": "SevenSender-test"
            }
          },
          "sensitive_attributes": [],
          "private": "eyJzY2hlbWFfdmVyc2lvbiI6IjEifQ==",
          "create_before_destroy": true
        }
      ]
    },
    {
      "module": "module.test-web-app",
      "mode": "managed",
      "type": "aws_autoscaling_group",
      "name": "asg_conf",
      "provider": "provider[\"registry.terraform.io/hashicorp/aws\"]",
      "instances": [
        {
          "schema_version": 0,
          "attributes": {
            "arn": "arn:aws:autoscaling:us-east-1:247377477294:autoScalingGroup:816a9c7b-0eb3-4c32-9147-6e52c2bc6169:autoScalingGroupName/web-app-asg",
            "availability_zones": [
              "us-east-1a",
              "us-east-1b"
            ],
            "capacity_rebalance": false,
            "default_cooldown": 300,
            "desired_capacity": 2,
            "enabled_metrics": null,
            "force_delete": false,
            "force_delete_warm_pool": false,
            "health_check_grace_period": 300,
            "health_check_type": "EC2",
            "id": "web-app-asg",
            "initial_lifecycle_hook": [],
            "instance_refresh": [],
            "launch_configuration": "web-app-ec220220107200034561400000001",
            "launch_template": [],
            "load_balancers": null,
            "max_instance_lifetime": 0,
            "max_size": 5,
            "metrics_granularity": "1Minute",
            "min_elb_capacity": null,
            "min_size": 2,
            "mixed_instances_policy": [],
            "name": "web-app-asg",
            "name_prefix": "",
            "placement_group": "",
            "protect_from_scale_in": false,
            "service_linked_role_arn": "arn:aws:iam::247377477294:role/aws-service-role/autoscaling.amazonaws.com/AWSServiceRoleForAutoScaling",
            "suspended_processes": null,
            "tag": [],
            "tags": null,
            "target_group_arns": [
              "arn:aws:elasticloadbalancing:us-east-1:247377477294:targetgroup/tf-web-alb-tg/23aaafca48098959"
            ],
            "termination_policies": null,
            "timeouts": null,
            "vpc_zone_identifier": [
              "subnet-00ba3af45cab9ee11",
              "subnet-0e89b8627efe0371c"
            ],
            "wait_for_capacity_timeout": "10m",
            "wait_for_elb_capacity": null,
            "warm_pool": []
          },
          "sensitive_attributes": [],
          "private": "eyJlMmJmYjczMC1lY2FhLTExZTYtOGY4OC0zNDM2M2JjN2M0YzAiOnsiZGVsZXRlIjo2MDAwMDAwMDAwMDB9fQ==",
          "dependencies": [
            "data.aws_availability_zones.available",
            "module.Admin_VPC.aws_subnet.private_subnet",
            "module.Admin_VPC.aws_vpc.vpc",
            "module.test-web-app.aws_key_pair.ssh_key",
            "module.test-web-app.aws_launch_configuration.web_conf",
            "module.test-web-app.aws_lb_target_group.lb_tg",
            "module.test-web-app.aws_security_group.web_app_ec2_all_in_out"
          ]
        }
      ]
    },
    {
      "module": "module.test-web-app",
      "mode": "managed",
      "type": "aws_autoscaling_policy",
      "name": "asp_conf",
      "provider": "provider[\"registry.terraform.io/hashicorp/aws\"]",
      "instances": [
        {
          "schema_version": 0,
          "attributes": {
            "adjustment_type": "",
            "arn": "arn:aws:autoscaling:us-east-1:247377477294:scalingPolicy:7eed5ad7-8b8e-4c4a-b757-4a1e7acc8371:autoScalingGroupName/web-app-asg:policyName/web_app_asp",
            "autoscaling_group_name": "web-app-asg",
            "cooldown": 0,
            "estimated_instance_warmup": 0,
            "id": "web_app_asp",
            "metric_aggregation_type": "",
            "min_adjustment_magnitude": null,
            "name": "web_app_asp",
            "policy_type": "TargetTrackingScaling",
            "predictive_scaling_configuration": [],
            "scaling_adjustment": 0,
            "step_adjustment": [],
            "target_tracking_configuration": [
              {
                "customized_metric_specification": [],
                "disable_scale_in": false,
                "predefined_metric_specification": [
                  {
                    "predefined_metric_type": "ASGAverageCPUUtilization",
                    "resource_label": ""
                  }
                ],
                "target_value": 40
              }
            ]
          },
          "sensitive_attributes": [],
          "private": "bnVsbA==",
          "dependencies": [
            "data.aws_availability_zones.available",
            "module.Admin_VPC.aws_subnet.private_subnet",
            "module.Admin_VPC.aws_vpc.vpc",
            "module.test-web-app.aws_autoscaling_group.asg_conf",
            "module.test-web-app.aws_key_pair.ssh_key",
            "module.test-web-app.aws_launch_configuration.web_conf",
            "module.test-web-app.aws_lb_target_group.lb_tg",
            "module.test-web-app.aws_security_group.web_app_ec2_all_in_out"
          ]
        }
      ]
    },
    {
      "module": "module.test-web-app",
      "mode": "managed",
      "type": "aws_key_pair",
      "name": "ssh_key",
      "provider": "provider[\"registry.terraform.io/hashicorp/aws\"]",
      "instances": [
        {
          "schema_version": 1,
          "attributes": {
            "arn": "arn:aws:ec2:us-east-1:247377477294:key-pair/ec2-key",
            "fingerprint": "b0:fc:c4:22:0b:47:e8:c0:fc:55:77:aa:8d:20:2c:33",
            "id": "ec2-key",
            "key_name": "ec2-key",
            "key_name_prefix": "",
            "key_pair_id": "key-0a7d6596ccc53c1dd",
            "public_key": "ssh-rsa AAAAB3NzaC1yc2EAAAADAQABAAABgQC+EWTinZHyIlJi+LlDQLAHXIPfR3iL8ffxZ5ip+GMdBc+yWzEvnvo4LHYGsAQo2TufZVdrYDeBcZC5T4pooN0h/RIh8x6IICGoO1GScy/MUT7uUqMy0bTERVDwnyW+mSEFqRQGuPD7dynwEH2fV4K2HJO7FyUcQqP6YIRkcTnisFp5SxcuExAO4JnEGUTYY0VikGPJHipZvjg31pfeaon8HQn/t2igIzudMjXL4nlEcaDnAuyWYk3gN4FXdEBOuyO/t/Gd99I2e16nhFdXz6GieZkeGFYchSIQ5U82Oks0N1yjdKNAF6IfuhMWTJZhhyIjNnIr1/NltdE/3+Nf7LjDx9qf94/a+3gBF+iKSotTTrKNaIPwH69ZUUlToXcYh6Ptg69FV0+PM3OLm9Xztd4XkVKwMBKUFxioozDAZ3kAPgsoNa4ngQl861wgs+rpL1zz3zbfBhUTiavk2jP98cNSCjll+H0HX66ciBrMN/1DqRyxy7JAjLQT1OfXLep5NhE= motawfik@Mohameds-MacBook-Pro-3.local",
            "tags": null,
            "tags_all": {}
          },
          "sensitive_attributes": [],
          "private": "eyJzY2hlbWFfdmVyc2lvbiI6IjEifQ==",
          "create_before_destroy": true
        }
      ]
    },
    {
      "module": "module.test-web-app",
      "mode": "managed",
      "type": "aws_launch_configuration",
      "name": "web_conf",
      "provider": "provider[\"registry.terraform.io/hashicorp/aws\"]",
      "instances": [
        {
          "schema_version": 0,
          "attributes": {
            "arn": "arn:aws:autoscaling:us-east-1:247377477294:launchConfiguration:029f855f-7795-489c-9f8e-989332600220:launchConfigurationName/web-app-ec220220107200034561400000001",
            "associate_public_ip_address": false,
            "ebs_block_device": [],
            "ebs_optimized": false,
            "enable_monitoring": true,
            "ephemeral_block_device": [],
            "iam_instance_profile": "",
            "id": "web-app-ec220220107200034561400000001",
            "image_id": "ami-0d5eff06f840b45e9",
            "instance_type": "t2.micro",
            "key_name": "ec2-key",
            "metadata_options": [],
            "name": "web-app-ec220220107200034561400000001",
            "name_prefix": "web-app-ec2",
            "placement_tenancy": null,
            "root_block_device": [
              {
                "delete_on_termination": true,
                "encrypted": false,
                "iops": 0,
                "throughput": 0,
                "volume_size": 8,
                "volume_type": ""
              }
            ],
            "security_groups": [
              "sg-017a8b95d2561cccc"
            ],
            "spot_price": "",
            "user_data": "0536a18db93f81b9332662e54d44856b9629247f",
            "user_data_base64": null,
            "vpc_classic_link_id": "",
            "vpc_classic_link_security_groups": null
          },
          "sensitive_attributes": [],
          "private": "bnVsbA==",
          "dependencies": [
            "module.Admin_VPC.aws_vpc.vpc",
            "module.test-web-app.aws_key_pair.ssh_key",
            "module.test-web-app.aws_security_group.web_app_ec2_all_in_out"
          ],
          "create_before_destroy": true
        }
      ]
    },
    {
      "module": "module.test-web-app",
      "mode": "managed",
      "type": "aws_lb",
      "name": "alb",
      "provider": "provider[\"registry.terraform.io/hashicorp/aws\"]",
      "instances": [
        {
          "schema_version": 0,
          "attributes": {
            "access_logs": [
              {
                "bucket": "",
                "enabled": false,
                "prefix": ""
              }
            ],
            "arn": "arn:aws:elasticloadbalancing:us-east-1:247377477294:loadbalancer/app/alb-tf/76220fa8f640d4b7",
            "arn_suffix": "app/alb-tf/76220fa8f640d4b7",
            "customer_owned_ipv4_pool": "",
            "desync_mitigation_mode": "defensive",
            "dns_name": "alb-tf-1443607430.us-east-1.elb.amazonaws.com",
            "drop_invalid_header_fields": false,
            "enable_cross_zone_load_balancing": null,
            "enable_deletion_protection": false,
            "enable_http2": true,
            "enable_waf_fail_open": false,
            "id": "arn:aws:elasticloadbalancing:us-east-1:247377477294:loadbalancer/app/alb-tf/76220fa8f640d4b7",
            "idle_timeout": 60,
            "internal": false,
            "ip_address_type": "ipv4",
            "load_balancer_type": "application",
            "name": "alb-tf",
            "name_prefix": null,
            "security_groups": [
              "sg-017a8b95d2561cccc"
            ],
            "subnet_mapping": [
              {
                "allocation_id": "",
                "ipv6_address": "",
                "outpost_id": "",
                "private_ipv4_address": "",
                "subnet_id": "subnet-04a49568702663456"
              },
              {
                "allocation_id": "",
                "ipv6_address": "",
                "outpost_id": "",
                "private_ipv4_address": "",
                "subnet_id": "subnet-0b69c2ff089a3e4ee"
              }
            ],
            "subnets": [
              "subnet-04a49568702663456",
              "subnet-0b69c2ff089a3e4ee"
            ],
            "tags": {
              "Environment": "test"
            },
            "tags_all": {
              "Environment": "test"
            },
            "timeouts": null,
            "vpc_id": "vpc-027c12a4cace0eff6",
            "zone_id": "Z35SXDOTRQ7X7K"
          },
          "sensitive_attributes": [],
          "private": "eyJlMmJmYjczMC1lY2FhLTExZTYtOGY4OC0zNDM2M2JjN2M0YzAiOnsiY3JlYXRlIjo2MDAwMDAwMDAwMDAsImRlbGV0ZSI6NjAwMDAwMDAwMDAwLCJ1cGRhdGUiOjYwMDAwMDAwMDAwMH19",
          "dependencies": [
            "data.aws_availability_zones.available",
            "module.Admin_VPC.aws_subnet.public_subnet",
            "module.Admin_VPC.aws_vpc.vpc",
            "module.test-web-app.aws_security_group.web_app_ec2_all_in_out"
          ]
        }
      ]
    },
    {
      "module": "module.test-web-app",
      "mode": "managed",
      "type": "aws_lb_listener",
      "name": "front_end",
      "provider": "provider[\"registry.terraform.io/hashicorp/aws\"]",
      "instances": [
        {
          "schema_version": 0,
          "attributes": {
            "alpn_policy": null,
            "arn": "arn:aws:elasticloadbalancing:us-east-1:247377477294:listener/app/alb-tf/76220fa8f640d4b7/3dbc02767754e3c1",
            "certificate_arn": null,
            "default_action": [
              {
                "authenticate_cognito": [],
                "authenticate_oidc": [],
                "fixed_response": [],
                "forward": [],
                "order": 1,
                "redirect": [],
                "target_group_arn": "arn:aws:elasticloadbalancing:us-east-1:247377477294:targetgroup/tf-web-alb-tg/23aaafca48098959",
                "type": "forward"
              }
            ],
            "id": "arn:aws:elasticloadbalancing:us-east-1:247377477294:listener/app/alb-tf/76220fa8f640d4b7/3dbc02767754e3c1",
            "load_balancer_arn": "arn:aws:elasticloadbalancing:us-east-1:247377477294:loadbalancer/app/alb-tf/76220fa8f640d4b7",
            "port": 80,
            "protocol": "HTTP",
            "ssl_policy": "",
            "tags": null,
            "tags_all": {},
            "timeouts": null
          },
          "sensitive_attributes": [],
          "private": "eyJlMmJmYjczMC1lY2FhLTExZTYtOGY4OC0zNDM2M2JjN2M0YzAiOnsicmVhZCI6NjAwMDAwMDAwMDAwfX0=",
          "dependencies": [
            "data.aws_availability_zones.available",
            "module.Admin_VPC.aws_subnet.public_subnet",
            "module.Admin_VPC.aws_vpc.vpc",
            "module.test-web-app.aws_lb.alb",
            "module.test-web-app.aws_lb_target_group.lb_tg",
            "module.test-web-app.aws_security_group.web_app_ec2_all_in_out"
          ]
        }
      ]
    },
    {
      "module": "module.test-web-app",
      "mode": "managed",
      "type": "aws_lb_target_group",
      "name": "lb_tg",
      "provider": "provider[\"registry.terraform.io/hashicorp/aws\"]",
      "instances": [
        {
          "schema_version": 0,
          "attributes": {
            "arn": "arn:aws:elasticloadbalancing:us-east-1:247377477294:targetgroup/tf-web-alb-tg/23aaafca48098959",
            "arn_suffix": "targetgroup/tf-web-alb-tg/23aaafca48098959",
            "connection_termination": false,
            "deregistration_delay": "300",
            "health_check": [
              {
                "enabled": true,
                "healthy_threshold": 3,
                "interval": 30,
                "matcher": "200",
                "path": "/healthz",
                "port": "traffic-port",
                "protocol": "HTTP",
                "timeout": 5,
                "unhealthy_threshold": 3
              }
            ],
            "id": "arn:aws:elasticloadbalancing:us-east-1:247377477294:targetgroup/tf-web-alb-tg/23aaafca48098959",
            "lambda_multi_value_headers_enabled": false,
            "load_balancing_algorithm_type": "round_robin",
            "name": "tf-web-alb-tg",
            "name_prefix": null,
            "port": 80,
            "preserve_client_ip": null,
            "protocol": "HTTP",
            "protocol_version": "HTTP1",
            "proxy_protocol_v2": false,
            "slow_start": 0,
            "stickiness": [
              {
                "cookie_duration": 86400,
                "cookie_name": "",
                "enabled": false,
                "type": "lb_cookie"
              }
            ],
            "tags": null,
            "tags_all": {},
            "target_type": "instance",
            "vpc_id": "vpc-027c12a4cace0eff6"
          },
          "sensitive_attributes": [],
          "private": "bnVsbA==",
          "dependencies": [
            "module.Admin_VPC.aws_vpc.vpc"
          ]
        }
      ]
    },
    {
      "module": "module.test-web-app",
      "mode": "managed",
      "type": "aws_security_group",
      "name": "web_app_ec2_all_in_out",
      "provider": "provider[\"registry.terraform.io/hashicorp/aws\"]",
      "instances": [
        {
          "schema_version": 1,
          "attributes": {
            "arn": "arn:aws:ec2:us-east-1:247377477294:security-group/sg-017a8b95d2561cccc",
            "description": "Allow all inbound, outbound traffic to web application server",
            "egress": [
              {
                "cidr_blocks": [
                  "0.0.0.0/0"
                ],
                "description": "",
                "from_port": 0,
                "ipv6_cidr_blocks": [],
                "prefix_list_ids": [],
                "protocol": "-1",
                "security_groups": [],
                "self": false,
                "to_port": 0
              }
            ],
            "id": "sg-017a8b95d2561cccc",
            "ingress": [
              {
                "cidr_blocks": [
                  "0.0.0.0/0"
                ],
                "description": "allow port 80",
                "from_port": 80,
                "ipv6_cidr_blocks": [],
                "prefix_list_ids": [],
                "protocol": "tcp",
                "security_groups": [],
                "self": false,
                "to_port": 80
              }
            ],
            "name": "allow_all_in_out",
            "name_prefix": "",
            "owner_id": "247377477294",
            "revoke_rules_on_delete": false,
            "tags": null,
            "tags_all": {},
            "timeouts": null,
            "vpc_id": "vpc-027c12a4cace0eff6"
          },
          "sensitive_attributes": [],
          "private": "eyJlMmJmYjczMC1lY2FhLTExZTYtOGY4OC0zNDM2M2JjN2M0YzAiOnsiY3JlYXRlIjo2MDAwMDAwMDAwMDAsImRlbGV0ZSI6OTAwMDAwMDAwMDAwfSwic2NoZW1hX3ZlcnNpb24iOiIxIn0=",
          "dependencies": [
            "module.Admin_VPC.aws_vpc.vpc"
          ],
          "create_before_destroy": true
        }
      ]
    }
  ]
}
