{
  "version": 4,
  "terraform_version": "0.14.7",
  "serial": 125,
  "lineage": "286f1b96-b8a5-7e33-6571-229aa585a7b0",
  "outputs": {},
  "resources": [
    {
      "mode": "data",
      "type": "aws_availability_zones",
      "name": "available",
      "provider": "provider[\"registry.terraform.io/hashicorp/aws\"]",
      "instances": [
        {
          "schema_version": 0,
          "attributes": {
            "all_availability_zones": null,
            "exclude_names": null,
            "exclude_zone_ids": null,
            "filter": null,
            "group_names": [
              "us-east-1"
            ],
            "id": "us-east-1",
            "names": [
              "us-east-1a",
              "us-east-1b",
              "us-east-1c",
              "us-east-1d",
              "us-east-1e",
              "us-east-1f"
            ],
            "state": null,
            "zone_ids": [
              "use1-az1",
              "use1-az2",
              "use1-az4",
              "use1-az6",
              "use1-az3",
              "use1-az5"
            ]
          },
          "sensitive_attributes": []
        }
      ]
    },
    {
      "module": "module.Admin_VPC",
      "mode": "managed",
      "type": "aws_eip",
      "name": "nat_eip",
      "provider": "provider[\"registry.terraform.io/hashicorp/aws\"]",
      "instances": [
        {
          "schema_version": 0,
          "attributes": {
            "address": null,
            "allocation_id": "eipalloc-0addaf451cf9552d8",
            "associate_with_private_ip": null,
            "association_id": "",
            "carrier_ip": "",
            "customer_owned_ip": "",
            "customer_owned_ipv4_pool": "",
            "domain": "vpc",
            "id": "eipalloc-0addaf451cf9552d8",
            "instance": "",
            "network_border_group": "us-east-1",
            "network_interface": "",
            "private_dns": null,
            "private_ip": "",
            "public_dns": "ec2-3-222-56-73.compute-1.amazonaws.com",
            "public_ip": "3.222.56.73",
            "public_ipv4_pool": "amazon",
            "tags": null,
            "tags_all": {},
            "timeouts": null,
            "vpc": true
          },
          "sensitive_attributes": [],
          "private": "eyJlMmJmYjczMC1lY2FhLTExZTYtOGY4OC0zNDM2M2JjN2M0YzAiOnsiZGVsZXRlIjoxODAwMDAwMDAwMDAsInJlYWQiOjkwMDAwMDAwMDAwMCwidXBkYXRlIjozMDAwMDAwMDAwMDB9fQ==",
          "dependencies": [
            "module.Admin_VPC.aws_internet_gateway.ig",
            "module.Admin_VPC.aws_vpc.vpc"
          ]
        }
      ]
    },
    {
      "module": "module.Admin_VPC",
      "mode": "managed",
      "type": "aws_internet_gateway",
      "name": "ig",
      "provider": "provider[\"registry.terraform.io/hashicorp/aws\"]",
      "instances": [
        {
          "schema_version": 0,
          "attributes": {
            "arn": "arn:aws:ec2:us-east-1:247377477294:internet-gateway/igw-0d2bc17cbc3e0d0d8",
            "id": "igw-0d2bc17cbc3e0d0d8",
            "owner_id": "247377477294",
            "tags": {
              "ManagedBy": "ahmedtahalhosari@gmail.com",
              "Name": "main-igw",
              "Project": "SevenSender-test"
            },
            "tags_all": {
              "ManagedBy": "ahmedtahalhosari@gmail.com",
              "Name": "main-igw",
              "Project": "SevenSender-test"
            },
            "vpc_id": "vpc-02bf208cd3da39e45"
          },
          "sensitive_attributes": [],
          "private": "bnVsbA==",
          "dependencies": [
            "module.Admin_VPC.aws_vpc.vpc"
          ]
        }
      ]
    },
    {
      "module": "module.Admin_VPC",
      "mode": "managed",
      "type": "aws_nat_gateway",
      "name": "nat",
      "provider": "provider[\"registry.terraform.io/hashicorp/aws\"]",
      "instances": [
        {
          "schema_version": 0,
          "attributes": {
            "allocation_id": "eipalloc-0addaf451cf9552d8",
            "connectivity_type": "public",
            "id": "nat-012b861aa2a59e4e9",
            "network_interface_id": "eni-0122327eca3391575",
            "private_ip": "10.3.3.159",
            "public_ip": "3.222.56.73",
            "subnet_id": "subnet-0372c17c9c03f0af4",
            "tags": {
              "ManagedBy": "ahmedtahalhosari@gmail.com",
              "Name": "main_NAT",
              "Project": "SevenSender-test"
            },
            "tags_all": {
              "ManagedBy": "ahmedtahalhosari@gmail.com",
              "Name": "main_NAT",
              "Project": "SevenSender-test"
            }
          },
          "sensitive_attributes": [],
          "private": "bnVsbA==",
          "dependencies": [
            "data.aws_availability_zones.available",
            "module.Admin_VPC.aws_eip.nat_eip",
            "module.Admin_VPC.aws_internet_gateway.ig",
            "module.Admin_VPC.aws_subnet.public_subnet",
            "module.Admin_VPC.aws_vpc.vpc"
          ]
        }
      ]
    },
    {
      "module": "module.Admin_VPC",
      "mode": "managed",
      "type": "aws_route",
      "name": "private_nat_gateway",
      "provider": "provider[\"registry.terraform.io/hashicorp/aws\"]",
      "instances": [
        {
          "schema_version": 0,
          "attributes": {
            "carrier_gateway_id": "",
            "destination_cidr_block": "0.0.0.0/0",
            "destination_ipv6_cidr_block": "",
            "destination_prefix_list_id": "",
            "egress_only_gateway_id": "",
            "gateway_id": "",
            "id": "r-rtb-059e78620b535a11a1080289494",
            "instance_id": "",
            "instance_owner_id": "",
            "local_gateway_id": "",
            "nat_gateway_id": "nat-012b861aa2a59e4e9",
            "network_interface_id": "",
            "origin": "CreateRoute",
            "route_table_id": "rtb-059e78620b535a11a",
            "state": "active",
            "timeouts": null,
            "transit_gateway_id": "",
            "vpc_endpoint_id": "",
            "vpc_peering_connection_id": ""
          },
          "sensitive_attributes": [],
          "private": "eyJlMmJmYjczMC1lY2FhLTExZTYtOGY4OC0zNDM2M2JjN2M0YzAiOnsiY3JlYXRlIjozMDAwMDAwMDAwMDAsImRlbGV0ZSI6MzAwMDAwMDAwMDAwLCJ1cGRhdGUiOjEyMDAwMDAwMDAwMH19",
          "dependencies": [
            "data.aws_availability_zones.available",
            "module.Admin_VPC.aws_eip.nat_eip",
            "module.Admin_VPC.aws_internet_gateway.ig",
            "module.Admin_VPC.aws_nat_gateway.nat",
            "module.Admin_VPC.aws_route_table.private",
            "module.Admin_VPC.aws_subnet.public_subnet",
            "module.Admin_VPC.aws_vpc.vpc"
          ]
        }
      ]
    },
    {
      "module": "module.Admin_VPC",
      "mode": "managed",
      "type": "aws_route",
      "name": "public_internet_gateway",
      "provider": "provider[\"registry.terraform.io/hashicorp/aws\"]",
      "instances": [
        {
          "schema_version": 0,
          "attributes": {
            "carrier_gateway_id": "",
            "destination_cidr_block": "0.0.0.0/0",
            "destination_ipv6_cidr_block": "",
            "destination_prefix_list_id": "",
            "egress_only_gateway_id": "",
            "gateway_id": "igw-0d2bc17cbc3e0d0d8",
            "id": "r-rtb-02480617bb31b98ea1080289494",
            "instance_id": "",
            "instance_owner_id": "",
            "local_gateway_id": "",
            "nat_gateway_id": "",
            "network_interface_id": "",
            "origin": "CreateRoute",
            "route_table_id": "rtb-02480617bb31b98ea",
            "state": "active",
            "timeouts": null,
            "transit_gateway_id": "",
            "vpc_endpoint_id": "",
            "vpc_peering_connection_id": ""
          },
          "sensitive_attributes": [],
          "private": "eyJlMmJmYjczMC1lY2FhLTExZTYtOGY4OC0zNDM2M2JjN2M0YzAiOnsiY3JlYXRlIjozMDAwMDAwMDAwMDAsImRlbGV0ZSI6MzAwMDAwMDAwMDAwLCJ1cGRhdGUiOjEyMDAwMDAwMDAwMH19",
          "dependencies": [
            "module.Admin_VPC.aws_internet_gateway.ig",
            "module.Admin_VPC.aws_route_table.public",
            "module.Admin_VPC.aws_vpc.vpc"
          ]
        }
      ]
    },
    {
      "module": "module.Admin_VPC",
      "mode": "managed",
      "type": "aws_route_table",
      "name": "private",
      "provider": "provider[\"registry.terraform.io/hashicorp/aws\"]",
      "instances": [
        {
          "schema_version": 0,
          "attributes": {
            "arn": "arn:aws:ec2:us-east-1:247377477294:route-table/rtb-059e78620b535a11a",
            "id": "rtb-059e78620b535a11a",
            "owner_id": "247377477294",
            "propagating_vgws": [],
            "route": [],
            "tags": {
              "ManagedBy": "ahmedtahalhosari@gmail.com",
              "Name": "Admin_VPC-private-route-table",
              "Project": "SevenSender-test"
            },
            "tags_all": {
              "ManagedBy": "ahmedtahalhosari@gmail.com",
              "Name": "Admin_VPC-private-route-table",
              "Project": "SevenSender-test"
            },
            "timeouts": null,
            "vpc_id": "vpc-02bf208cd3da39e45"
          },
          "sensitive_attributes": [],
          "private": "eyJlMmJmYjczMC1lY2FhLTExZTYtOGY4OC0zNDM2M2JjN2M0YzAiOnsiY3JlYXRlIjozMDAwMDAwMDAwMDAsImRlbGV0ZSI6MzAwMDAwMDAwMDAwLCJ1cGRhdGUiOjEyMDAwMDAwMDAwMH19",
          "dependencies": [
            "module.Admin_VPC.aws_vpc.vpc"
          ]
        }
      ]
    },
    {
      "module": "module.Admin_VPC",
      "mode": "managed",
      "type": "aws_route_table",
      "name": "public",
      "provider": "provider[\"registry.terraform.io/hashicorp/aws\"]",
      "instances": [
        {
          "schema_version": 0,
          "attributes": {
            "arn": "arn:aws:ec2:us-east-1:247377477294:route-table/rtb-02480617bb31b98ea",
            "id": "rtb-02480617bb31b98ea",
            "owner_id": "247377477294",
            "propagating_vgws": [],
            "route": [],
            "tags": {
              "ManagedBy": "ahmedtahalhosari@gmail.com",
              "Name": "Admin_VPC-public-route-table",
              "Project": "SevenSender-test"
            },
            "tags_all": {
              "ManagedBy": "ahmedtahalhosari@gmail.com",
              "Name": "Admin_VPC-public-route-table",
              "Project": "SevenSender-test"
            },
            "timeouts": null,
            "vpc_id": "vpc-02bf208cd3da39e45"
          },
          "sensitive_attributes": [],
          "private": "eyJlMmJmYjczMC1lY2FhLTExZTYtOGY4OC0zNDM2M2JjN2M0YzAiOnsiY3JlYXRlIjozMDAwMDAwMDAwMDAsImRlbGV0ZSI6MzAwMDAwMDAwMDAwLCJ1cGRhdGUiOjEyMDAwMDAwMDAwMH19",
          "dependencies": [
            "module.Admin_VPC.aws_vpc.vpc"
          ]
        }
      ]
    },
    {
      "module": "module.Admin_VPC",
      "mode": "managed",
      "type": "aws_route_table_association",
      "name": "private",
      "provider": "provider[\"registry.terraform.io/hashicorp/aws\"]",
      "instances": [
        {
          "index_key": 0,
          "schema_version": 0,
          "attributes": {
            "gateway_id": "",
            "id": "rtbassoc-04597a8725de90455",
            "route_table_id": "rtb-059e78620b535a11a",
            "subnet_id": "subnet-0307e7622197931b2"
          },
          "sensitive_attributes": [],
          "private": "bnVsbA==",
          "dependencies": [
            "data.aws_availability_zones.available",
            "module.Admin_VPC.aws_route_table.private",
            "module.Admin_VPC.aws_subnet.private_subnet",
            "module.Admin_VPC.aws_vpc.vpc"
          ]
        },
        {
          "index_key": 1,
          "schema_version": 0,
          "attributes": {
            "gateway_id": "",
            "id": "rtbassoc-0949161e2bfef738d",
            "route_table_id": "rtb-059e78620b535a11a",
            "subnet_id": "subnet-0b833d63c267003a6"
          },
          "sensitive_attributes": [],
          "private": "bnVsbA==",
          "dependencies": [
            "data.aws_availability_zones.available",
            "module.Admin_VPC.aws_route_table.private",
            "module.Admin_VPC.aws_subnet.private_subnet",
            "module.Admin_VPC.aws_vpc.vpc"
          ]
        }
      ]
    },
    {
      "module": "module.Admin_VPC",
      "mode": "managed",
      "type": "aws_route_table_association",
      "name": "public",
      "provider": "provider[\"registry.terraform.io/hashicorp/aws\"]",
      "instances": [
        {
          "index_key": 0,
          "schema_version": 0,
          "attributes": {
            "gateway_id": "",
            "id": "rtbassoc-0a68632f33ca7dc21",
            "route_table_id": "rtb-02480617bb31b98ea",
            "subnet_id": "subnet-0372c17c9c03f0af4"
          },
          "sensitive_attributes": [],
          "private": "bnVsbA==",
          "dependencies": [
            "data.aws_availability_zones.available",
            "module.Admin_VPC.aws_route_table.public",
            "module.Admin_VPC.aws_subnet.public_subnet",
            "module.Admin_VPC.aws_vpc.vpc"
          ]
        },
        {
          "index_key": 1,
          "schema_version": 0,
          "attributes": {
            "gateway_id": "",
            "id": "rtbassoc-0e0266de94d0d63e7",
            "route_table_id": "rtb-02480617bb31b98ea",
            "subnet_id": "subnet-0559f1b94a9005781"
          },
          "sensitive_attributes": [],
          "private": "bnVsbA==",
          "dependencies": [
            "data.aws_availability_zones.available",
            "module.Admin_VPC.aws_route_table.public",
            "module.Admin_VPC.aws_subnet.public_subnet",
            "module.Admin_VPC.aws_vpc.vpc"
          ]
        }
      ]
    },
    {
      "module": "module.Admin_VPC",
      "mode": "managed",
      "type": "aws_subnet",
      "name": "private_subnet",
      "provider": "provider[\"registry.terraform.io/hashicorp/aws\"]",
      "instances": [
        {
          "index_key": 0,
          "schema_version": 1,
          "attributes": {
            "arn": "arn:aws:ec2:us-east-1:247377477294:subnet/subnet-0307e7622197931b2",
            "assign_ipv6_address_on_creation": false,
            "availability_zone": "us-east-1a",
            "availability_zone_id": "use1-az1",
            "cidr_block": "10.3.1.0/24",
            "customer_owned_ipv4_pool": "",
            "enable_dns64": false,
            "enable_resource_name_dns_a_record_on_launch": false,
            "enable_resource_name_dns_aaaa_record_on_launch": false,
            "id": "subnet-0307e7622197931b2",
            "ipv6_cidr_block": "",
            "ipv6_cidr_block_association_id": "",
            "ipv6_native": false,
            "map_customer_owned_ip_on_launch": false,
            "map_public_ip_on_launch": false,
            "outpost_arn": "",
            "owner_id": "247377477294",
            "private_dns_hostname_type_on_launch": "ip-name",
            "tags": {
              "ManagedBy": "ahmedtahalhosari@gmail.com",
              "Name": "Admin_VPC-0-private-subnet",
              "Project": "SevenSender-test"
            },
            "tags_all": {
              "ManagedBy": "ahmedtahalhosari@gmail.com",
              "Name": "Admin_VPC-0-private-subnet",
              "Project": "SevenSender-test"
            },
            "timeouts": null,
            "vpc_id": "vpc-02bf208cd3da39e45"
          },
          "sensitive_attributes": [],
          "private": "eyJlMmJmYjczMC1lY2FhLTExZTYtOGY4OC0zNDM2M2JjN2M0YzAiOnsiY3JlYXRlIjo2MDAwMDAwMDAwMDAsImRlbGV0ZSI6MTIwMDAwMDAwMDAwMH0sInNjaGVtYV92ZXJzaW9uIjoiMSJ9",
          "dependencies": [
            "data.aws_availability_zones.available",
            "module.Admin_VPC.aws_vpc.vpc"
          ]
        },
        {
          "index_key": 1,
          "schema_version": 1,
          "attributes": {
            "arn": "arn:aws:ec2:us-east-1:247377477294:subnet/subnet-0b833d63c267003a6",
            "assign_ipv6_address_on_creation": false,
            "availability_zone": "us-east-1b",
            "availability_zone_id": "use1-az2",
            "cidr_block": "10.3.2.0/24",
            "customer_owned_ipv4_pool": "",
            "enable_dns64": false,
            "enable_resource_name_dns_a_record_on_launch": false,
            "enable_resource_name_dns_aaaa_record_on_launch": false,
            "id": "subnet-0b833d63c267003a6",
            "ipv6_cidr_block": "",
            "ipv6_cidr_block_association_id": "",
            "ipv6_native": false,
            "map_customer_owned_ip_on_launch": false,
            "map_public_ip_on_launch": false,
            "outpost_arn": "",
            "owner_id": "247377477294",
            "private_dns_hostname_type_on_launch": "ip-name",
            "tags": {
              "ManagedBy": "ahmedtahalhosari@gmail.com",
              "Name": "Admin_VPC-1-private-subnet",
              "Project": "SevenSender-test"
            },
            "tags_all": {
              "ManagedBy": "ahmedtahalhosari@gmail.com",
              "Name": "Admin_VPC-1-private-subnet",
              "Project": "SevenSender-test"
            },
            "timeouts": null,
            "vpc_id": "vpc-02bf208cd3da39e45"
          },
          "sensitive_attributes": [],
          "private": "eyJlMmJmYjczMC1lY2FhLTExZTYtOGY4OC0zNDM2M2JjN2M0YzAiOnsiY3JlYXRlIjo2MDAwMDAwMDAwMDAsImRlbGV0ZSI6MTIwMDAwMDAwMDAwMH0sInNjaGVtYV92ZXJzaW9uIjoiMSJ9",
          "dependencies": [
            "data.aws_availability_zones.available",
            "module.Admin_VPC.aws_vpc.vpc"
          ]
        }
      ]
    },
    {
      "module": "module.Admin_VPC",
      "mode": "managed",
      "type": "aws_subnet",
      "name": "public_subnet",
      "provider": "provider[\"registry.terraform.io/hashicorp/aws\"]",
      "instances": [
        {
          "index_key": 0,
          "schema_version": 1,
          "attributes": {
            "arn": "arn:aws:ec2:us-east-1:247377477294:subnet/subnet-0372c17c9c03f0af4",
            "assign_ipv6_address_on_creation": false,
            "availability_zone": "us-east-1a",
            "availability_zone_id": "use1-az1",
            "cidr_block": "10.3.3.0/24",
            "customer_owned_ipv4_pool": "",
            "enable_dns64": false,
            "enable_resource_name_dns_a_record_on_launch": false,
            "enable_resource_name_dns_aaaa_record_on_launch": false,
            "id": "subnet-0372c17c9c03f0af4",
            "ipv6_cidr_block": "",
            "ipv6_cidr_block_association_id": "",
            "ipv6_native": false,
            "map_customer_owned_ip_on_launch": false,
            "map_public_ip_on_launch": true,
            "outpost_arn": "",
            "owner_id": "247377477294",
            "private_dns_hostname_type_on_launch": "ip-name",
            "tags": {
              "ManagedBy": "ahmedtahalhosari@gmail.com",
              "Name": "Admin_VPC-0-public-subnet",
              "Project": "SevenSender-test"
            },
            "tags_all": {
              "ManagedBy": "ahmedtahalhosari@gmail.com",
              "Name": "Admin_VPC-0-public-subnet",
              "Project": "SevenSender-test"
            },
            "timeouts": null,
            "vpc_id": "vpc-02bf208cd3da39e45"
          },
          "sensitive_attributes": [],
          "private": "eyJlMmJmYjczMC1lY2FhLTExZTYtOGY4OC0zNDM2M2JjN2M0YzAiOnsiY3JlYXRlIjo2MDAwMDAwMDAwMDAsImRlbGV0ZSI6MTIwMDAwMDAwMDAwMH0sInNjaGVtYV92ZXJzaW9uIjoiMSJ9",
          "dependencies": [
            "data.aws_availability_zones.available",
            "module.Admin_VPC.aws_vpc.vpc"
          ]
        },
        {
          "index_key": 1,
          "schema_version": 1,
          "attributes": {
            "arn": "arn:aws:ec2:us-east-1:247377477294:subnet/subnet-0559f1b94a9005781",
            "assign_ipv6_address_on_creation": false,
            "availability_zone": "us-east-1b",
            "availability_zone_id": "use1-az2",
            "cidr_block": "10.3.4.0/24",
            "customer_owned_ipv4_pool": "",
            "enable_dns64": false,
            "enable_resource_name_dns_a_record_on_launch": false,
            "enable_resource_name_dns_aaaa_record_on_launch": false,
            "id": "subnet-0559f1b94a9005781",
            "ipv6_cidr_block": "",
            "ipv6_cidr_block_association_id": "",
            "ipv6_native": false,
            "map_customer_owned_ip_on_launch": false,
            "map_public_ip_on_launch": true,
            "outpost_arn": "",
            "owner_id": "247377477294",
            "private_dns_hostname_type_on_launch": "ip-name",
            "tags": {
              "ManagedBy": "ahmedtahalhosari@gmail.com",
              "Name": "Admin_VPC-1-public-subnet",
              "Project": "SevenSender-test"
            },
            "tags_all": {
              "ManagedBy": "ahmedtahalhosari@gmail.com",
              "Name": "Admin_VPC-1-public-subnet",
              "Project": "SevenSender-test"
            },
            "timeouts": null,
            "vpc_id": "vpc-02bf208cd3da39e45"
          },
          "sensitive_attributes": [],
          "private": "eyJlMmJmYjczMC1lY2FhLTExZTYtOGY4OC0zNDM2M2JjN2M0YzAiOnsiY3JlYXRlIjo2MDAwMDAwMDAwMDAsImRlbGV0ZSI6MTIwMDAwMDAwMDAwMH0sInNjaGVtYV92ZXJzaW9uIjoiMSJ9",
          "dependencies": [
            "data.aws_availability_zones.available",
            "module.Admin_VPC.aws_vpc.vpc"
          ]
        }
      ]
    },
    {
      "module": "module.Admin_VPC",
      "mode": "managed",
      "type": "aws_vpc",
      "name": "vpc",
      "provider": "provider[\"registry.terraform.io/hashicorp/aws\"]",
      "instances": [
        {
          "schema_version": 1,
          "attributes": {
            "arn": "arn:aws:ec2:us-east-1:247377477294:vpc/vpc-02bf208cd3da39e45",
            "assign_generated_ipv6_cidr_block": false,
            "cidr_block": "10.3.0.0/16",
            "default_network_acl_id": "acl-0a06182d926a44a4c",
            "default_route_table_id": "rtb-0f6039d036afdd2de",
            "default_security_group_id": "sg-00cd7fec40b805a32",
            "dhcp_options_id": "dopt-e8e5f092",
            "enable_classiclink": false,
            "enable_classiclink_dns_support": false,
            "enable_dns_hostnames": true,
            "enable_dns_support": true,
            "id": "vpc-02bf208cd3da39e45",
            "instance_tenancy": "default",
            "ipv4_ipam_pool_id": null,
            "ipv4_netmask_length": null,
            "ipv6_association_id": "",
            "ipv6_cidr_block": "",
            "ipv6_ipam_pool_id": null,
            "ipv6_netmask_length": null,
            "main_route_table_id": "rtb-0f6039d036afdd2de",
            "owner_id": "247377477294",
            "tags": {
              "ManagedBy": "ahmedtahalhosari@gmail.com",
              "Name": "Admin_VPC",
              "Project": "SevenSender-test"
            },
            "tags_all": {
              "ManagedBy": "ahmedtahalhosari@gmail.com",
              "Name": "Admin_VPC",
              "Project": "SevenSender-test"
            }
          },
          "sensitive_attributes": [],
          "private": "eyJzY2hlbWFfdmVyc2lvbiI6IjEifQ==",
          "create_before_destroy": true
        }
      ]
    },
    {
      "module": "module.test-web-app",
      "mode": "managed",
      "type": "aws_autoscaling_policy",
      "name": "asp_conf",
      "provider": "provider[\"registry.terraform.io/hashicorp/aws\"]",
      "instances": []
    },
    {
      "module": "module.test-web-app",
      "mode": "managed",
      "type": "aws_key_pair",
      "name": "ssh_key",
      "provider": "provider[\"registry.terraform.io/hashicorp/aws\"]",
      "instances": [
        {
          "schema_version": 1,
          "attributes": {
            "arn": "arn:aws:ec2:us-east-1:247377477294:key-pair/ec2-key",
            "fingerprint": "b0:fc:c4:22:0b:47:e8:c0:fc:55:77:aa:8d:20:2c:33",
            "id": "ec2-key",
            "key_name": "ec2-key",
            "key_name_prefix": "",
            "key_pair_id": "key-0dbdf447522b178f7",
            "public_key": "ssh-rsa AAAAB3NzaC1yc2EAAAADAQABAAABgQC+EWTinZHyIlJi+LlDQLAHXIPfR3iL8ffxZ5ip+GMdBc+yWzEvnvo4LHYGsAQo2TufZVdrYDeBcZC5T4pooN0h/RIh8x6IICGoO1GScy/MUT7uUqMy0bTERVDwnyW+mSEFqRQGuPD7dynwEH2fV4K2HJO7FyUcQqP6YIRkcTnisFp5SxcuExAO4JnEGUTYY0VikGPJHipZvjg31pfeaon8HQn/t2igIzudMjXL4nlEcaDnAuyWYk3gN4FXdEBOuyO/t/Gd99I2e16nhFdXz6GieZkeGFYchSIQ5U82Oks0N1yjdKNAF6IfuhMWTJZhhyIjNnIr1/NltdE/3+Nf7LjDx9qf94/a+3gBF+iKSotTTrKNaIPwH69ZUUlToXcYh6Ptg69FV0+PM3OLm9Xztd4XkVKwMBKUFxioozDAZ3kAPgsoNa4ngQl861wgs+rpL1zz3zbfBhUTiavk2jP98cNSCjll+H0HX66ciBrMN/1DqRyxy7JAjLQT1OfXLep5NhE= motawfik@Mohameds-MacBook-Pro-3.local",
            "tags": null,
            "tags_all": {}
          },
          "sensitive_attributes": [],
          "private": "eyJzY2hlbWFfdmVyc2lvbiI6IjEifQ==",
          "create_before_destroy": true
        }
      ]
    },
    {
      "module": "module.test-web-app",
      "mode": "managed",
      "type": "aws_launch_configuration",
      "name": "web_conf",
      "provider": "provider[\"registry.terraform.io/hashicorp/aws\"]",
      "instances": [
        {
          "schema_version": 0,
          "attributes": {
            "arn": "arn:aws:autoscaling:us-east-1:247377477294:launchConfiguration:d29f2b5e-66eb-428f-8cf9-1412fc445c71:launchConfigurationName/web-app-ec220220107194338292600000001",
            "associate_public_ip_address": false,
            "ebs_block_device": [],
            "ebs_optimized": false,
            "enable_monitoring": true,
            "ephemeral_block_device": [],
            "iam_instance_profile": "",
            "id": "web-app-ec220220107194338292600000001",
            "image_id": "ami-0d5eff06f840b45e9",
            "instance_type": "t2.micro",
            "key_name": "ec2-key",
            "metadata_options": [],
            "name": "web-app-ec220220107194338292600000001",
            "name_prefix": "web-app-ec2",
            "placement_tenancy": null,
            "root_block_device": [
              {
                "delete_on_termination": true,
                "encrypted": false,
                "iops": 0,
                "throughput": 0,
                "volume_size": 8,
                "volume_type": ""
              }
            ],
            "security_groups": [
              "sg-097b55e862551b360"
            ],
            "spot_price": "",
            "user_data": "0536a18db93f81b9332662e54d44856b9629247f",
            "user_data_base64": null,
            "vpc_classic_link_id": "",
            "vpc_classic_link_security_groups": null
          },
          "sensitive_attributes": [],
          "private": "bnVsbA==",
          "dependencies": [
            "module.Admin_VPC.aws_vpc.vpc",
            "module.test-web-app.aws_key_pair.ssh_key",
            "module.test-web-app.aws_security_group.web_app_ec2_all_in_out"
          ],
          "create_before_destroy": true
        }
      ]
    },
    {
      "module": "module.test-web-app",
      "mode": "managed",
      "type": "aws_lb",
      "name": "alb",
      "provider": "provider[\"registry.terraform.io/hashicorp/aws\"]",
      "instances": [
        {
          "schema_version": 0,
          "attributes": {
            "access_logs": [
              {
                "bucket": "",
                "enabled": false,
                "prefix": ""
              }
            ],
            "arn": "arn:aws:elasticloadbalancing:us-east-1:247377477294:loadbalancer/app/alb-tf/ec021e7934975c03",
            "arn_suffix": "app/alb-tf/ec021e7934975c03",
            "customer_owned_ipv4_pool": "",
            "desync_mitigation_mode": "defensive",
            "dns_name": "alb-tf-1109091982.us-east-1.elb.amazonaws.com",
            "drop_invalid_header_fields": false,
            "enable_cross_zone_load_balancing": null,
            "enable_deletion_protection": false,
            "enable_http2": true,
            "enable_waf_fail_open": false,
            "id": "arn:aws:elasticloadbalancing:us-east-1:247377477294:loadbalancer/app/alb-tf/ec021e7934975c03",
            "idle_timeout": 60,
            "internal": false,
            "ip_address_type": "ipv4",
            "load_balancer_type": "application",
            "name": "alb-tf",
            "name_prefix": null,
            "security_groups": [
              "sg-097b55e862551b360"
            ],
            "subnet_mapping": [
              {
                "allocation_id": "",
                "ipv6_address": "",
                "outpost_id": "",
                "private_ipv4_address": "",
                "subnet_id": "subnet-0372c17c9c03f0af4"
              },
              {
                "allocation_id": "",
                "ipv6_address": "",
                "outpost_id": "",
                "private_ipv4_address": "",
                "subnet_id": "subnet-0559f1b94a9005781"
              }
            ],
            "subnets": [
              "subnet-0372c17c9c03f0af4",
              "subnet-0559f1b94a9005781"
            ],
            "tags": {
              "Environment": "test"
            },
            "tags_all": {
              "Environment": "test"
            },
            "timeouts": null,
            "vpc_id": "vpc-02bf208cd3da39e45",
            "zone_id": "Z35SXDOTRQ7X7K"
          },
          "sensitive_attributes": [],
          "private": "eyJlMmJmYjczMC1lY2FhLTExZTYtOGY4OC0zNDM2M2JjN2M0YzAiOnsiY3JlYXRlIjo2MDAwMDAwMDAwMDAsImRlbGV0ZSI6NjAwMDAwMDAwMDAwLCJ1cGRhdGUiOjYwMDAwMDAwMDAwMH19",
          "dependencies": [
            "data.aws_availability_zones.available",
            "module.Admin_VPC.aws_subnet.public_subnet",
            "module.Admin_VPC.aws_vpc.vpc",
            "module.test-web-app.aws_security_group.web_app_ec2_all_in_out"
          ]
        }
      ]
    },
    {
      "module": "module.test-web-app",
      "mode": "managed",
      "type": "aws_lb_listener",
      "name": "front_end",
      "provider": "provider[\"registry.terraform.io/hashicorp/aws\"]",
      "instances": [
        {
          "schema_version": 0,
          "attributes": {
            "alpn_policy": null,
            "arn": "arn:aws:elasticloadbalancing:us-east-1:247377477294:listener/app/alb-tf/ec021e7934975c03/9b9dc408e6a4f6c2",
            "certificate_arn": null,
            "default_action": [
              {
                "authenticate_cognito": [],
                "authenticate_oidc": [],
                "fixed_response": [],
                "forward": [],
                "order": 1,
                "redirect": [],
                "target_group_arn": "arn:aws:elasticloadbalancing:us-east-1:247377477294:targetgroup/tf-web-alb-tg/6377d602ac3ff2f2",
                "type": "forward"
              }
            ],
            "id": "arn:aws:elasticloadbalancing:us-east-1:247377477294:listener/app/alb-tf/ec021e7934975c03/9b9dc408e6a4f6c2",
            "load_balancer_arn": "arn:aws:elasticloadbalancing:us-east-1:247377477294:loadbalancer/app/alb-tf/ec021e7934975c03",
            "port": 80,
            "protocol": "HTTP",
            "ssl_policy": "",
            "tags": null,
            "tags_all": {},
            "timeouts": null
          },
          "sensitive_attributes": [],
          "private": "eyJlMmJmYjczMC1lY2FhLTExZTYtOGY4OC0zNDM2M2JjN2M0YzAiOnsicmVhZCI6NjAwMDAwMDAwMDAwfX0=",
          "dependencies": [
            "data.aws_availability_zones.available",
            "module.Admin_VPC.aws_subnet.public_subnet",
            "module.Admin_VPC.aws_vpc.vpc",
            "module.test-web-app.aws_lb.alb",
            "module.test-web-app.aws_lb_target_group.lb_tg",
            "module.test-web-app.aws_security_group.web_app_ec2_all_in_out"
          ]
        }
      ]
    },
    {
      "module": "module.test-web-app",
      "mode": "managed",
      "type": "aws_lb_target_group",
      "name": "lb_tg",
      "provider": "provider[\"registry.terraform.io/hashicorp/aws\"]",
      "instances": [
        {
          "schema_version": 0,
          "attributes": {
            "arn": "arn:aws:elasticloadbalancing:us-east-1:247377477294:targetgroup/tf-web-alb-tg/6377d602ac3ff2f2",
            "arn_suffix": "targetgroup/tf-web-alb-tg/6377d602ac3ff2f2",
            "connection_termination": false,
            "deregistration_delay": "300",
            "health_check": [
              {
                "enabled": true,
                "healthy_threshold": 3,
                "interval": 30,
                "matcher": "200",
                "path": "/healthz",
                "port": "traffic-port",
                "protocol": "HTTP",
                "timeout": 5,
                "unhealthy_threshold": 3
              }
            ],
            "id": "arn:aws:elasticloadbalancing:us-east-1:247377477294:targetgroup/tf-web-alb-tg/6377d602ac3ff2f2",
            "lambda_multi_value_headers_enabled": false,
            "load_balancing_algorithm_type": "round_robin",
            "name": "tf-web-alb-tg",
            "name_prefix": null,
            "port": 80,
            "preserve_client_ip": null,
            "protocol": "HTTP",
            "protocol_version": "HTTP1",
            "proxy_protocol_v2": false,
            "slow_start": 0,
            "stickiness": [
              {
                "cookie_duration": 86400,
                "cookie_name": "",
                "enabled": false,
                "type": "lb_cookie"
              }
            ],
            "tags": null,
            "tags_all": {},
            "target_type": "ip",
            "vpc_id": "vpc-02bf208cd3da39e45"
          },
          "sensitive_attributes": [],
          "private": "bnVsbA==",
          "dependencies": [
            "module.Admin_VPC.aws_vpc.vpc"
          ]
        }
      ]
    },
    {
      "module": "module.test-web-app",
      "mode": "managed",
      "type": "aws_security_group",
      "name": "web_app_ec2_all_in_out",
      "provider": "provider[\"registry.terraform.io/hashicorp/aws\"]",
      "instances": [
        {
          "schema_version": 1,
          "attributes": {
            "arn": "arn:aws:ec2:us-east-1:247377477294:security-group/sg-097b55e862551b360",
            "description": "Allow all inbound, outbound traffic to web application server",
            "egress": [
              {
                "cidr_blocks": [
                  "0.0.0.0/0"
                ],
                "description": "",
                "from_port": 0,
                "ipv6_cidr_blocks": [],
                "prefix_list_ids": [],
                "protocol": "-1",
                "security_groups": [],
                "self": false,
                "to_port": 0
              }
            ],
            "id": "sg-097b55e862551b360",
            "ingress": [
              {
                "cidr_blocks": [
                  "0.0.0.0/0"
                ],
                "description": "allow port 80",
                "from_port": 80,
                "ipv6_cidr_blocks": [],
                "prefix_list_ids": [],
                "protocol": "tcp",
                "security_groups": [],
                "self": false,
                "to_port": 80
              }
            ],
            "name": "allow_all_in_out",
            "name_prefix": "",
            "owner_id": "247377477294",
            "revoke_rules_on_delete": false,
            "tags": null,
            "tags_all": {},
            "timeouts": null,
            "vpc_id": "vpc-02bf208cd3da39e45"
          },
          "sensitive_attributes": [],
          "private": "eyJlMmJmYjczMC1lY2FhLTExZTYtOGY4OC0zNDM2M2JjN2M0YzAiOnsiY3JlYXRlIjo2MDAwMDAwMDAwMDAsImRlbGV0ZSI6OTAwMDAwMDAwMDAwfSwic2NoZW1hX3ZlcnNpb24iOiIxIn0=",
          "dependencies": [
            "module.Admin_VPC.aws_vpc.vpc"
          ],
          "create_before_destroy": true
        }
      ]
    }
  ]
}
